{
    "_meta": {
        "hash": {
            "sha256": "8e3beef794ea2c46b32eaf5c2b6aa1e956612f1fa8c816ac7de1990b6ca24e12"
        },
        "pipfile-spec": 6,
        "requires": {
            "python_version": "3.9"
        },
        "sources": [
            {
                "name": "pypi",
                "url": "https://pypi.org/simple",
                "verify_ssl": true
            }
        ]
    },
    "default": {
        "anvil-parser2": {
            "hashes": [
                "sha256:72fc98c0b1f177fef4e60d3f42862c9c155d4609aa5a653d80335537dac99f4e",
                "sha256:cbbc228d1a932251ee979ddcd1f77ab99eb2683fa57493eb37d309e10224d615"
            ],
            "index": "pypi",
            "version": "==0.10.6"
        },
        "frozendict": {
            "hashes": [
                "sha256:07c3a5dee8bbb84cba770e273cdbf2c87c8e035903af8f781292d72583416801",
                "sha256:12a342e439aef28ccec533f0253ea53d75fe9102bd6ea928ff530e76eac38906",
                "sha256:1697793b5f62b416c0fc1d94638ec91ed3aa4ab277f6affa3a95216ecb3af170",
                "sha256:199a4d32194f3afed6258de7e317054155bc9519252b568d9cfffde7e4d834e5",
                "sha256:259528ba6b56fa051bc996f1c4d8b57e30d6dd3bc2f27441891b04babc4b5e73",
                "sha256:2b70b431e3a72d410a2cdf1497b3aba2f553635e0c0f657ce311d841bf8273b6",
                "sha256:2bd009cf4fc47972838a91e9b83654dc9a095dc4f2bb3a37c3f3124c8a364543",
                "sha256:2d8536e068d6bf281f23fa835ac07747fb0f8851879dd189e9709f9567408b4d",
                "sha256:3148062675536724502c6344d7c485dd4667fdf7980ca9bd05e338ccc0c4471e",
                "sha256:3f7c031b26e4ee6a3f786ceb5e3abf1181c4ade92dce1f847da26ea2c96008c7",
                "sha256:4297d694eb600efa429769125a6f910ec02b85606f22f178bafbee309e7d3ec7",
                "sha256:4a59578d47b3949437519b5c39a016a6116b9e787bb19289e333faae81462e59",
                "sha256:4ae8d05c8d0b6134bfb6bfb369d5fa0c4df21eabb5ca7f645af95fdc6689678e",
                "sha256:5d58d9a8d9e49662c6dafbea5e641f97decdb3d6ccd76e55e79818415362ba25",
                "sha256:63aa49f1919af7d45fb8fd5dec4c0859bc09f46880bd6297c79bb2db2969b63d",
                "sha256:6874fec816b37b6eb5795b00e0574cba261bf59723e2de607a195d5edaff0786",
                "sha256:6eb716e6a6d693c03b1d53280a1947716129f5ef9bcdd061db5c17dea44b80fe",
                "sha256:705efca8d74d3facbb6ace80ab3afdd28eb8a237bfb4063ed89996b024bc443d",
                "sha256:78c94991944dd33c5376f720228e5b252ee67faf3bac50ef381adc9e51e90d9d",
                "sha256:7f79c26dff10ce11dad3b3627c89bb2e87b9dd5958c2b24325f16a23019b8b94",
                "sha256:7fee9420475bb6ff357000092aa9990c2f6182b2bab15764330f4ad7de2eae49",
                "sha256:812ab17522ba13637826e65454115a914c2da538356e85f43ecea069813e4b33",
                "sha256:85375ec6e979e6373bffb4f54576a68bf7497c350861d20686ccae38aab69c0a",
                "sha256:87ebcde21565a14fe039672c25550060d6f6d88cf1f339beac094c3b10004eb0",
                "sha256:93a7b19afb429cbf99d56faf436b45ef2fa8fe9aca89c49eb1610c3bd85f1760",
                "sha256:b3b967d5065872e27b06f785a80c0ed0a45d1f7c9b85223da05358e734d858ca",
                "sha256:c6bf9260018d653f3cab9bd147bd8592bf98a5c6e338be0491ced3c196c034a3",
                "sha256:c8f92425686323a950337da4b75b4c17a3327b831df8c881df24038d560640d4",
                "sha256:d13b4310db337f4d2103867c5a05090b22bc4d50ca842093779ef541ea9c9eea",
                "sha256:d9647563e76adb05b7cde2172403123380871360a114f546b4ae1704510801e5",
                "sha256:dc2228874eacae390e63fd4f2bb513b3144066a977dc192163c9f6c7f6de6474",
                "sha256:e1b941132d79ce72d562a13341d38fc217bc1ee24d8c35a20d754e79ff99e038",
                "sha256:fefeb700bc7eb8b4c2dc48704e4221860d254c8989fb53488540bc44e44a1ac2"
            ],
            "markers": "python_version >= '3.6'",
            "version": "==2.4.4"
        },
        "nbt": {
            "hashes": [
                "sha256:1503314d0374b983642f9f219890330ce19d9d85966a28bdb6bef1fb17c4c2c0",
                "sha256:da3bb2137605cb9dfe7446f13f19b3ae7faf920d430a387fb78efde27f6636c5"
            ],
            "version": "==1.5.1"
        },
        "numpy": {
            "hashes": [
                "sha256:08458fbf403bff5e2b45f08eda195d4b0c9b35682311da5a5a0a0925b11b9bd8",
                "sha256:0fbb536eac80e27a2793ffd787895242b7f18ef792563d742c2d673bfcb75134",
                "sha256:12f5d865d60fb9734e60a60f1d5afa6d962d8d4467c120a1c0cda6eb2964437d",
                "sha256:15eb4eca47d36ec3f78cde0a3a2ee24cf05ca7396ef808dda2c0ddad7c2bde67",
                "sha256:173a00b9995f73b79eb0191129f2455f1e34c203f559dd118636858cc452a1bf",
                "sha256:1b902ce0e0a5bb7704556a217c4f63a7974f8f43e090aff03fcf262e0b135e02",
                "sha256:1f682ea61a88479d9498bf2091fdcd722b090724b08b31d63e022adc063bad59",
                "sha256:1f87fec1f9bc1efd23f4227becff04bd0e979e23ca50cc92ec88b38489db3b55",
                "sha256:24a0e1befbfa14615b49ba9659d3d8818a0f4d8a1c5822af8696706fbda7310c",
                "sha256:2c3a346ae20cfd80b6cfd3e60dc179963ef2ea58da5ec074fd3d9e7a1e7ba97f",
                "sha256:36d3a9405fd7c511804dc56fc32974fa5533bdeb3cd1604d6b8ff1d292b819c4",
                "sha256:3fdabe3e2a52bc4eff8dc7a5044342f8bd9f11ef0934fcd3289a788c0eb10018",
                "sha256:4127d4303b9ac9f94ca0441138acead39928938660ca58329fe156f84b9f3015",
                "sha256:4658c398d65d1b25e1760de3157011a80375da861709abd7cef3bad65d6543f9",
                "sha256:485b87235796410c3519a699cfe1faab097e509e90ebb05dcd098db2ae87e7b3",
                "sha256:529af13c5f4b7a932fb0e1911d3a75da204eff023ee5e0e79c1751564221a5c8",
                "sha256:5a3d94942c331dd4e0e1147f7a8699a4aa47dffc11bf8a1523c12af8b2e91bbe",
                "sha256:5daab361be6ddeb299a918a7c0864fa8618af66019138263247af405018b04e1",
                "sha256:61728fba1e464f789b11deb78a57805c70b2ed02343560456190d0501ba37b0f",
                "sha256:6790654cb13eab303d8402354fabd47472b24635700f631f041bd0b65e37298a",
                "sha256:69ff563d43c69b1baba77af455dd0a839df8d25e8590e79c90fcbe1499ebde42",
                "sha256:6bf4e6f4a2a2e26655717a1983ef6324f2664d7011f6ef7482e8c0b3d51e82ac",
                "sha256:6e4eeb6eb2fced786e32e6d8df9e755ce5be920d17f7ce00bc38fcde8ccdbf9e",
                "sha256:72dc22e9ec8f6eaa206deb1b1355eb2e253899d7347f5e2fae5f0af613741d06",
                "sha256:75b4e316c5902d8163ef9d423b1c3f2f6252226d1aa5cd8a0a03a7d01ffc6268",
                "sha256:7b9853803278db3bdcc6cd5beca37815b133e9e77ff3d4733c247414e78eb8d1",
                "sha256:7d6fddc5fe258d3328cd8e3d7d3e02234c5d70e01ebe377a6ab92adb14039cb4",
                "sha256:81b0893a39bc5b865b8bf89e9ad7807e16717f19868e9d234bdaf9b1f1393868",
                "sha256:8efc84f01c1cd7e34b3fb310183e72fcdf55293ee736d679b6d35b35d80bba26",
                "sha256:8fae4ebbf95a179c1156fab0b142b74e4ba4204c87bde8d3d8b6f9c34c5825ef",
                "sha256:99d0d92a5e3613c33a5f01db206a33f8fdf3d71f2912b0de1739894668b7a93b",
                "sha256:9adbd9bb520c866e1bfd7e10e1880a1f7749f1f6e5017686a5fbb9b72cf69f82",
                "sha256:a1e01dcaab205fbece13c1410253a9eea1b1c9b61d237b6fa59bcc46e8e89343",
                "sha256:a8fc2de81ad835d999113ddf87d1ea2b0f4704cbd947c948d2f5513deafe5a7b",
                "sha256:b83e16a5511d1b1f8a88cbabb1a6f6a499f82c062a4251892d9ad5d609863fb7",
                "sha256:bb2124fdc6e62baae159ebcfa368708867eb56806804d005860b6007388df171",
                "sha256:bfc085b28d62ff4009364e7ca34b80a9a080cbd97c2c0630bb5f7f770dae9414",
                "sha256:cbab9fc9c391700e3e1287666dfd82d8666d10e69a6c4a09ab97574c0b7ee0a7",
                "sha256:e5eeca8067ad04bc8a2a8731183d51d7cbaac66d86085d5f4766ee6bf19c7f87",
                "sha256:e9e81fa9017eaa416c056e5d9e71be93d05e2c3c2ab308d23307a8bc4443c368",
                "sha256:ea2326a4dca88e4a274ba3a4405eb6c6467d3ffbd8c7d38632502eaae3820587",
                "sha256:eacf3291e263d5a67d8c1a581a8ebbcfd6447204ef58828caf69a5e3e8c75990",
                "sha256:ec87f5f8aca726117a1c9b7083e7656a9d0d606eec7299cc067bb83d26f16e0c",
                "sha256:f1659887361a7151f89e79b276ed8dff3d75877df906328f14d8bb40bb4f5101",
                "sha256:f9cf5ea551aec449206954b075db819f52adc1638d46a6738253a712d553c7b4"
            ],
            "index": "pypi",
            "markers": "python_version >= '3.9'",
            "version": "==2.0.1"
        },
        "pillow": {
            "hashes": [
                "sha256:02a2be69f9c9b8c1e97cf2713e789d4e398c751ecfd9967c18d0ce304efbf885",
                "sha256:030abdbe43ee02e0de642aee345efa443740aa4d828bfe8e2eb11922ea6a21ea",
                "sha256:06b2f7898047ae93fad74467ec3d28fe84f7831370e3c258afa533f81ef7f3df",
                "sha256:0755ffd4a0c6f267cccbae2e9903d95477ca2f77c4fcf3a3a09570001856c8a5",
                "sha256:0a9ec697746f268507404647e531e92889890a087e03681a3606d9b920fbee3c",
                "sha256:0ae24a547e8b711ccaaf99c9ae3cd975470e1a30caa80a6aaee9a2f19c05701d",
                "sha256:134ace6dc392116566980ee7436477d844520a26a4b1bd4053f6f47d096997fd",
                "sha256:166c1cd4d24309b30d61f79f4a9114b7b2313d7450912277855ff5dfd7cd4a06",
                "sha256:1b5dea9831a90e9d0721ec417a80d4cbd7022093ac38a568db2dd78363b00908",
                "sha256:1d846aea995ad352d4bdcc847535bd56e0fd88d36829d2c90be880ef1ee4668a",
                "sha256:1ef61f5dd14c300786318482456481463b9d6b91ebe5ef12f405afbba77ed0be",
                "sha256:297e388da6e248c98bc4a02e018966af0c5f92dfacf5a5ca22fa01cb3179bca0",
                "sha256:298478fe4f77a4408895605f3482b6cc6222c018b2ce565c2b6b9c354ac3229b",
                "sha256:29dbdc4207642ea6aad70fbde1a9338753d33fb23ed6956e706936706f52dd80",
                "sha256:2db98790afc70118bd0255c2eeb465e9767ecf1f3c25f9a1abb8ffc8cfd1fe0a",
                "sha256:32cda9e3d601a52baccb2856b8ea1fc213c90b340c542dcef77140dfa3278a9e",
                "sha256:37fb69d905be665f68f28a8bba3c6d3223c8efe1edf14cc4cfa06c241f8c81d9",
                "sha256:416d3a5d0e8cfe4f27f574362435bc9bae57f679a7158e0096ad2beb427b8696",
                "sha256:43efea75eb06b95d1631cb784aa40156177bf9dd5b4b03ff38979e048258bc6b",
                "sha256:4b35b21b819ac1dbd1233317adeecd63495f6babf21b7b2512d244ff6c6ce309",
                "sha256:4d9667937cfa347525b319ae34375c37b9ee6b525440f3ef48542fcf66f2731e",
                "sha256:5161eef006d335e46895297f642341111945e2c1c899eb406882a6c61a4357ab",
                "sha256:543f3dc61c18dafb755773efc89aae60d06b6596a63914107f75459cf984164d",
                "sha256:551d3fd6e9dc15e4c1eb6fc4ba2b39c0c7933fa113b220057a34f4bb3268a060",
                "sha256:59291fb29317122398786c2d44427bbd1a6d7ff54017075b22be9d21aa59bd8d",
                "sha256:5b001114dd152cfd6b23befeb28d7aee43553e2402c9f159807bf55f33af8a8d",
                "sha256:5b4815f2e65b30f5fbae9dfffa8636d992d49705723fe86a3661806e069352d4",
                "sha256:5dc6761a6efc781e6a1544206f22c80c3af4c8cf461206d46a1e6006e4429ff3",
                "sha256:5e84b6cc6a4a3d76c153a6b19270b3526a5a8ed6b09501d3af891daa2a9de7d6",
                "sha256:6209bb41dc692ddfee4942517c19ee81b86c864b626dbfca272ec0f7cff5d9fb",
                "sha256:673655af3eadf4df6b5457033f086e90299fdd7a47983a13827acf7459c15d94",
                "sha256:6c762a5b0997f5659a5ef2266abc1d8851ad7749ad9a6a5506eb23d314e4f46b",
                "sha256:7086cc1d5eebb91ad24ded9f58bec6c688e9f0ed7eb3dbbf1e4800280a896496",
                "sha256:73664fe514b34c8f02452ffb73b7a92c6774e39a647087f83d67f010eb9a0cf0",
                "sha256:76a911dfe51a36041f2e756b00f96ed84677cdeb75d25c767f296c1c1eda1319",
                "sha256:780c072c2e11c9b2c7ca37f9a2ee8ba66f44367ac3e5c7832afcfe5104fd6d1b",
                "sha256:7928ecbf1ece13956b95d9cbcfc77137652b02763ba384d9ab508099a2eca856",
                "sha256:7970285ab628a3779aecc35823296a7869f889b8329c16ad5a71e4901a3dc4ef",
                "sha256:7a8d4bade9952ea9a77d0c3e49cbd8b2890a399422258a77f357b9cc9be8d680",
                "sha256:7c1ee6f42250df403c5f103cbd2768a28fe1a0ea1f0f03fe151c8741e1469c8b",
                "sha256:7dfecdbad5c301d7b5bde160150b4db4c659cee2b69589705b6f8a0c509d9f42",
                "sha256:812f7342b0eee081eaec84d91423d1b4650bb9828eb53d8511bcef8ce5aecf1e",
                "sha256:866b6942a92f56300012f5fbac71f2d610312ee65e22f1aa2609e491284e5597",
                "sha256:86dcb5a1eb778d8b25659d5e4341269e8590ad6b4e8b44d9f4b07f8d136c414a",
                "sha256:87dd88ded2e6d74d31e1e0a99a726a6765cda32d00ba72dc37f0651f306daaa8",
                "sha256:8bc1a764ed8c957a2e9cacf97c8b2b053b70307cf2996aafd70e91a082e70df3",
                "sha256:8d4d5063501b6dd4024b8ac2f04962d661222d120381272deea52e3fc52d3736",
                "sha256:8f0aef4ef59694b12cadee839e2ba6afeab89c0f39a3adc02ed51d109117b8da",
                "sha256:930044bb7679ab003b14023138b50181899da3f25de50e9dbee23b61b4de2126",
                "sha256:950be4d8ba92aca4b2bb0741285a46bfae3ca699ef913ec8416c1b78eadd64cd",
                "sha256:961a7293b2457b405967af9c77dcaa43cc1a8cd50d23c532e62d48ab6cdd56f5",
                "sha256:9b885f89040bb8c4a1573566bbb2f44f5c505ef6e74cec7ab9068c900047f04b",
                "sha256:9f4727572e2918acaa9077c919cbbeb73bd2b3ebcfe033b72f858fc9fbef0026",
                "sha256:a02364621fe369e06200d4a16558e056fe2805d3468350df3aef21e00d26214b",
                "sha256:a985e028fc183bf12a77a8bbf36318db4238a3ded7fa9df1b9a133f1cb79f8fc",
                "sha256:ac1452d2fbe4978c2eec89fb5a23b8387aba707ac72810d9490118817d9c0b46",
                "sha256:b15e02e9bb4c21e39876698abf233c8c579127986f8207200bc8a8f6bb27acf2",
                "sha256:b2724fdb354a868ddf9a880cb84d102da914e99119211ef7ecbdc613b8c96b3c",
                "sha256:bbc527b519bd3aa9d7f429d152fea69f9ad37c95f0b02aebddff592688998abe",
                "sha256:bcd5e41a859bf2e84fdc42f4edb7d9aba0a13d29a2abadccafad99de3feff984",
                "sha256:bd2880a07482090a3bcb01f4265f1936a903d70bc740bfcb1fd4e8a2ffe5cf5a",
                "sha256:bee197b30783295d2eb680b311af15a20a8b24024a19c3a26431ff83eb8d1f70",
                "sha256:bf2342ac639c4cf38799a44950bbc2dfcb685f052b9e262f446482afaf4bffca",
                "sha256:c76e5786951e72ed3686e122d14c5d7012f16c8303a674d18cdcd6d89557fc5b",
                "sha256:cbed61494057c0f83b83eb3a310f0bf774b09513307c434d4366ed64f4128a91",
                "sha256:cfdd747216947628af7b259d274771d84db2268ca062dd5faf373639d00113a3",
                "sha256:d7480af14364494365e89d6fddc510a13e5a2c3584cb19ef65415ca57252fb84",
                "sha256:dbc6ae66518ab3c5847659e9988c3b60dc94ffb48ef9168656e0019a93dbf8a1",
                "sha256:dc3e2db6ba09ffd7d02ae9141cfa0ae23393ee7687248d46a7507b75d610f4f5",
                "sha256:dfe91cb65544a1321e631e696759491ae04a2ea11d36715eca01ce07284738be",
                "sha256:e4d49b85c4348ea0b31ea63bc75a9f3857869174e2bf17e7aba02945cd218e6f",
                "sha256:e4db64794ccdf6cb83a59d73405f63adbe2a1887012e308828596100a0b2f6cc",
                "sha256:e553cad5179a66ba15bb18b353a19020e73a7921296a7979c4a2b7f6a5cd57f9",
                "sha256:e88d5e6ad0d026fba7bdab8c3f225a69f063f116462c49892b0149e21b6c0a0e",
                "sha256:ecd85a8d3e79cd7158dec1c9e5808e821feea088e2f69a974db5edf84dc53141",
                "sha256:f5b92f4d70791b4a67157321c4e8225d60b119c5cc9aee8ecf153aace4aad4ef",
                "sha256:f5f0c3e969c8f12dd2bb7e0b15d5c468b51e5017e01e2e867335c81903046a22",
                "sha256:f7baece4ce06bade126fb84b8af1c33439a76d8a6fd818970215e0560ca28c27",
                "sha256:ff25afb18123cea58a591ea0244b92eb1e61a1fd497bf6d6384f09bc3262ec3e",
                "sha256:ff337c552345e95702c5fde3158acb0625111017d0e5f24bf3acdb9cc16b90d1"
            ],
            "index": "pypi",
            "markers": "python_version >= '3.8'",
            "version": "==10.4.0"
        },
        "pyyaml": {
            "hashes": [
                "sha256:0101357af42f5c9fc7e9acc5c5ab8c3049f50db7425de175b6c7a5959cb6023d",
                "sha256:0ae563b7e3ed5e918cd0184060e28b48b7e672b975bf7c6f4a892cee9d886ada",
                "sha256:0fe2c1c5401a3a98f06337fed48f57340cf652a685484834b44f5ceeadb772ba",
                "sha256:1eb00dd3344da80264261ab126c95481824669ed9e5ecc82fb2d88b1fce668ee",
                "sha256:2086b30215c433c1e480c08c1db8b43c1edd36c59cf43d36b424e6f35fcaf1ad",
                "sha256:29b4a67915232f79506211e69943e3102e211c616181ceff0adf34e21b469357",
                "sha256:2e9bc8a34797f0621f56160b961d47a088644370f79d34bedc934fb89e3f47dd",
                "sha256:30ec6b9afc17353a9abcff109880edf6e8d5b924eb1eeed7fe9376febc1f9800",
                "sha256:31573d7e161d2f905311f036b12e65c058389b474dbd35740f4880b91e2ca2be",
                "sha256:36d7bf63558843ea2a81de9d0c3e9c56c353b1df8e6c1faaec86df5adedf2e02",
                "sha256:3af6b36bc195d741cd5b511810246cad143b99c953b4591e679e194a820d7b7c",
                "sha256:414629800a1ddccd7303471650843fc801801cc579a195d2fe617b5b455409e3",
                "sha256:459113f2b9cd68881201a3bd1a858ece3281dc0e92ece6e917d23b128f0fcb31",
                "sha256:46e4fae38d00b40a62d32d60f1baa1b9ef33aff28c2aafd96b05d5cc770f1583",
                "sha256:4bf821ccd51e8d5bc1a4021b8bd85a92b498832ac1cd1a53b399f0eb7c1c4258",
                "sha256:50bd6560a6df3de59336b9a9086cbdea5aa9eee5361661448ee45c21eeb0da68",
                "sha256:53056b51f111223e603bed1db5367f54596d44cacfa50f07e082a11929612957",
                "sha256:53c5f0749a93e3296078262c9acf632de246241ff2f22bbedfe49d4b55e9bbdd",
                "sha256:54c754cee6937bb9b72d6a16163160dec80b93a43020ac6fc9f13729c030c30b",
                "sha256:58cc18ccbade0c48fb55102aa971a5b4e571e2b22187d083dda33f8708fa4ee7",
                "sha256:5921fd128fbf27ab7c7ad1a566d2cd9557b84ade130743a7c110a55e7dec3b3c",
                "sha256:5c758cc29713c9166750a30156ca3d90ac2515d5dea3c874377ae8829cf03087",
                "sha256:60bf91e73354c96754220a9c04a9502c2ad063231cd754b59f8e4511157e32e2",
                "sha256:6f0f728a88c6eb58a3b762726b965bb6acf12d97f8ea2cb4fecf856a727f9bdc",
                "sha256:6f31c5935310da69ea0efe996a962d488f080312f0eb43beff1717acb5fe9bed",
                "sha256:728b447d0cedec409ea1a3f0ad1a6cc3cec0a8d086611b45f038a9230a2242f3",
                "sha256:72ffbc5c0cc71877104387548a450f2b7b7c4926b40dc9443e7598fe92aa13d9",
                "sha256:73d8b233309ecd45c33c51cd55aa1be1dcab1799a9e54f6c753d8cab054b8c34",
                "sha256:765029d1cf96e9e761329ee1c20f1ca2de8644e7350a151b198260698b96e30f",
                "sha256:7ee3d180d886a3bc50f753b76340f1c314f9e8c507f5b107212112214c3a66fd",
                "sha256:826fb4d5ac2c48b9d6e71423def2669d4646c93b6c13612a71b3ac7bb345304b",
                "sha256:84c39ceec517cd8f01cb144efb08904a32050be51c55b7a59bc7958c8091568d",
                "sha256:88bfe675bb19ae12a9c77c52322a28a8e2a8d3d213fbcfcded5c3f5ca3ead352",
                "sha256:8e0a1ebd5c5842595365bf90db3ef7e9a8d6a79c9aedb1d05b675c81c7267fd3",
                "sha256:9426067a10b369474396bf57fdf895b899045a25d1848798844693780b147436",
                "sha256:9c5c0de7ec50d4df88b62f4b019ab7b3bb2883c826a1044268e9afb344c57b17",
                "sha256:ad0c172fe15beffc32e3a8260f18e6708eb0e15ae82c9b3f80fbe04de0ef5729",
                "sha256:ad206c7f5f08d393b872d3399f597246fdc6ebebff09c5ae5268ac45aebf4f8d",
                "sha256:b0a163f4f84d1e0fe6a07ccad3b02e9b243790b8370ff0408ae5932c50c4d96d",
                "sha256:b0dd9c7497d60126445e79e542ff01351c6b6dc121299d89787f5685b382c626",
                "sha256:b1de10c488d6f02e498eb6956b89081bea31abf3133223c17749e7137734da75",
                "sha256:b408f36eeb4e2be6f802f1be82daf1b578f3de5a51917c6e467aedb46187d827",
                "sha256:bae077a01367e4bf5fddf00fd6c8b743e676385911c7c615e29e1c45ace8813b",
                "sha256:bc3c3600fec6c2a719106381d6282061d8c108369cdec58b6f280610eba41e09",
                "sha256:c16522bf91daa4ea9dedc1243b56b5a226357ab98b3133089ca627ef99baae6f",
                "sha256:ca5136a77e2d64b4cf5106fb940376650ae232c74c09a8ff29dbb1e262495b31",
                "sha256:d6e0f7ee5f8d851b1d91149a3e5074dbf5aacbb63e4b771fcce16508339a856f",
                "sha256:e7930a0612e74fcca37019ca851b50d73b5f0c3dab7f3085a7c15d2026118315",
                "sha256:e8e6dd230a158a836cda3cc521fcbedea16f22b16b8cfa8054d0c6cea5d0a531",
                "sha256:eee36bf4bc11e39e3f17c171f25cdedff3d7c73b148aedc8820257ce2aa56d3b",
                "sha256:f07adc282d51aaa528f3141ac1922d16d32fe89413ee59bfb8a73ed689ad3d23",
                "sha256:f09816c047fdb588dddba53d321f1cb8081e38ad2a40ea6a7560a88b7a2f0ea8",
                "sha256:fea4c4310061cd70ef73b39801231b9dc3dc638bb8858e38364b144fbd335a1a"
            ],
            "index": "pypi",
            "markers": "python_version >= '3.6'",
            "version": "==6.0.2rc1"
        }
    },
    "develop": {}
}
